
Microsoft Visual Studio Solution File, Format Version 12.00
# Visual Studio Version 17
VisualStudioVersion = 17.3.32811.315
MinimumVisualStudioVersion = 10.0.40219.1
Project("{9A19103F-16F7-4668-BE54-9A1E7A4F7556}") = "BebchmarkingTool", "BebchmarkingTool\BebchmarkingTool.csproj", "{8DA07088-E617-435B-91BD-216D9A67309B}"
EndProject
Project("{9A19103F-16F7-4668-BE54-9A1E7A4F7556}") = "BenchmarkingSeeder", "BenchmarkingSeeder\BenchmarkingSeeder.csproj", "{5A22B57B-6A34-4905-8A4E-A6007BDB2009}"
EndProject
Project("{FAE04EC0-301F-11D3-BF4B-00C04F79EFBC}") = "CassandraTest", "Cassandra\CassandraTest.csproj", "{029CB3DF-C1A9-4323-9339-165EA8338648}"
EndProject
Global
	GlobalSection(SolutionConfigurationPlatforms) = preSolution
		Debug|Any CPU = Debug|Any CPU
		Release|Any CPU = Release|Any CPU
	EndGlobalSection
	GlobalSection(ProjectConfigurationPlatforms) = postSolution
		{8DA07088-E617-435B-91BD-216D9A67309B}.Debug|Any CPU.ActiveCfg = Debug|Any CPU
		{8DA07088-E617-435B-91BD-216D9A67309B}.Debug|Any CPU.Build.0 = Debug|Any CPU
		{8DA07088-E617-435B-91BD-216D9A67309B}.Release|Any CPU.ActiveCfg = Release|Any CPU
		{8DA07088-E617-435B-91BD-216D9A67309B}.Release|Any CPU.Build.0 = Release|Any CPU
		{5A22B57B-6A34-4905-8A4E-A6007BDB2009}.Debug|Any CPU.ActiveCfg = Debug|Any CPU
		{5A22B57B-6A34-4905-8A4E-A6007BDB2009}.Debug|Any CPU.Build.0 = Debug|Any CPU
		{5A22B57B-6A34-4905-8A4E-A6007BDB2009}.Release|Any CPU.ActiveCfg = Release|Any CPU
		{5A22B57B-6A34-4905-8A4E-A6007BDB2009}.Release|Any CPU.Build.0 = Release|Any CPU
		{029CB3DF-C1A9-4323-9339-165EA8338648}.Debug|Any CPU.ActiveCfg = Debug|Any CPU
		{029CB3DF-C1A9-4323-9339-165EA8338648}.Debug|Any CPU.Build.0 = Debug|Any CPU
		{029CB3DF-C1A9-4323-9339-165EA8338648}.Release|Any CPU.ActiveCfg = Release|Any CPU
		{029CB3DF-C1A9-4323-9339-165EA8338648}.Release|Any CPU.Build.0 = Release|Any CPU
	EndGlobalSection
	GlobalSection(SolutionProperties) = preSolution
		HideSolutionNode = FALSE
	EndGlobalSection
	GlobalSection(ExtensibilityGlobals) = postSolution
		SolutionGuid = {2148F28D-536A-4CE3-9404-F4C8C74AD70A}
	EndGlobalSection
EndGlobal
